
Microsoft Visual Studio Solution File, Format Version 12.00
# Visual Studio Version 17
VisualStudioVersion = 17.14.36623.8 d17.14
MinimumVisualStudioVersion = 10.0.40219.1
Project("{FAE04EC0-301F-11D3-BF4B-00C04F79EFBC}") = "Gestion_pharmacie", "Gestion_pharmacie\Gestion_pharmacie.csproj", "{2A552D3F-132B-4EEB-B0FE-3B604B6E8FBF}"
EndProject
Global
	GlobalSection(SolutionConfigurationPlatforms) = preSolution
		Debug|Any CPU = Debug|Any CPU
		Release|Any CPU = Release|Any CPU
	EndGlobalSection
	GlobalSection(ProjectConfigurationPlatforms) = postSolution
		{2A552D3F-132B-4EEB-B0FE-3B604B6E8FBF}.Debug|Any CPU.ActiveCfg = Debug|Any CPU
		{2A552D3F-132B-4EEB-B0FE-3B604B6E8FBF}.Debug|Any CPU.Build.0 = Debug|Any CPU
		{2A552D3F-132B-4EEB-B0FE-3B604B6E8FBF}.Release|Any CPU.ActiveCfg = Release|Any CPU
		{2A552D3F-132B-4EEB-B0FE-3B604B6E8FBF}.Release|Any CPU.Build.0 = Release|Any CPU
	EndGlobalSection
	GlobalSection(SolutionProperties) = preSolution
		HideSolutionNode = FALSE
	EndGlobalSection
	GlobalSection(ExtensibilityGlobals) = postSolution
		SolutionGuid = {5C9CAF57-F8C9-46EE-8C38-2B2176052354}
	EndGlobalSection
EndGlobal
